# THIS IS AN AUTOGENERATED FILE. DO NOT EDIT THIS FILE DIRECTLY.
# yarn lockfile v1


"@types/node@^16.3.0":
  version "16.3.0"
  resolved "https://registry.nlark.com/@types/node/download/@types/node-16.3.0.tgz#1836664e4fad13b51b07eb6e882a53925e6543c4"
  integrity sha1-GDZmTk+tE7UbB+tuiCpTkl5lQ8Q=

typescript@^4.3.5:
  version "4.3.5"
  resolved "https://registry.nlark.com/typescript/download/typescript-4.3.5.tgz#4d1c37cc16e893973c45a06886b7113234f119f4"
  integrity sha1-TRw3zBbok5c8RaBohrcRMjTxGfQ=
